
Microsoft Visual Studio Solution File, Format Version 11.00
# Visual C# Express 2010
Project("{FAE04EC0-301F-11D3-BF4B-00C04F79EFBC}") = "Etec.AulaUpdate", "Etec.AulaUpdate\Etec.AulaUpdate.csproj", "{FDAFB2E8-FA79-403C-8F74-85D89F1F9514}"
EndProject
Global
	GlobalSection(SolutionConfigurationPlatforms) = preSolution
		Debug|x86 = Debug|x86
		Release|x86 = Release|x86
	EndGlobalSection
	GlobalSection(ProjectConfigurationPlatforms) = postSolution
		{FDAFB2E8-FA79-403C-8F74-85D89F1F9514}.Debug|x86.ActiveCfg = Debug|x86
		{FDAFB2E8-FA79-403C-8F74-85D89F1F9514}.Debug|x86.Build.0 = Debug|x86
		{FDAFB2E8-FA79-403C-8F74-85D89F1F9514}.Release|x86.ActiveCfg = Release|x86
		{FDAFB2E8-FA79-403C-8F74-85D89F1F9514}.Release|x86.Build.0 = Release|x86
	EndGlobalSection
	GlobalSection(SolutionProperties) = preSolution
		HideSolutionNode = FALSE
	EndGlobalSection
EndGlobal
